// !$*UTF8*$!
{
	archiveVersion = 1;
	classes = {
	};
	objectVersion = 50;
	objects = {

/* Begin PBXBuildFile section */
		6A574C8527050623003B11FA /* WCModel.swift in Sources */ = {isa = PBXBuildFile; fileRef = 6A574C8427050623003B11FA /* WCModel.swift */; };
		6A8BCEE72704F5EF002CB36C /* App04_WCApp.swift in Sources */ = {isa = PBXBuildFile; fileRef = 6A8BCEE62704F5EF002CB36C /* App04_WCApp.swift */; };
		6A8BCEE92704F5EF002CB36C /* ContentView.swift in Sources */ = {isa = PBXBuildFile; fileRef = 6A8BCEE82704F5EF002CB36C /* ContentView.swift */; };
		6A8BCEEB2704F5F8002CB36C /* Assets.xcassets in Resources */ = {isa = PBXBuildFile; fileRef = 6A8BCEEA2704F5F8002CB36C /* Assets.xcassets */; };
		6A8BCEEE2704F5F8002CB36C /* Preview Assets.xcassets in Resources */ = {isa = PBXBuildFile; fileRef = 6A8BCEED2704F5F8002CB36C /* Preview Assets.xcassets */; };
		6A8BCEF72704F822002CB36C /* WorldCups.swift in Sources */ = {isa = PBXBuildFile; fileRef = 6A8BCEF62704F822002CB36C /* WorldCups.swift */; };
		6AECE63E270516C700B6AF29 /* WCView.swift in Sources */ = {isa = PBXBuildFile; fileRef = 6AECE63D270516C700B6AF29 /* WCView.swift */; };
		6AFEE4C72706765C0098191F /* Colors.xcassets in Resources */ = {isa = PBXBuildFile; fileRef = 6AFEE4C62706765C0098191F /* Colors.xcassets */; };
		6AFEE4CA270676FF0098191F /* CustomNavigationBar.swift in Sources */ = {isa = PBXBuildFile; fileRef = 6AFEE4C9270676FF0098191F /* CustomNavigationBar.swift */; };
/* End PBXBuildFile section */

/* Begin PBXFileReference section */
		6A574C8427050623003B11FA /* WCModel.swift */ = {isa = PBXFileReference; lastKnownFileType = sourcecode.swift; path = WCModel.swift; sourceTree = "<group>"; };
		6A8BCEE32704F5EF002CB36C /* App04-WC.app */ = {isa = PBXFileReference; explicitFileType = wrapper.application; includeInIndex = 0; path = "App04-WC.app"; sourceTree = BUILT_PRODUCTS_DIR; };
		6A8BCEE62704F5EF002CB36C /* App04_WCApp.swift */ = {isa = PBXFileReference; lastKnownFileType = sourcecode.swift; path = App04_WCApp.swift; sourceTree = "<group>"; };
		6A8BCEE82704F5EF002CB36C /* ContentView.swift */ = {isa = PBXFileReference; lastKnownFileType = sourcecode.swift; path = ContentView.swift; sourceTree = "<group>"; };
		6A8BCEEA2704F5F8002CB36C /* Assets.xcassets */ = {isa = PBXFileReference; lastKnownFileType = folder.assetcatalog; path = Assets.xcassets; sourceTree = "<group>"; };
		6A8BCEED2704F5F8002CB36C /* Preview Assets.xcassets */ = {isa = PBXFileReference; lastKnownFileType = folder.assetcatalog; path = "Preview Assets.xcassets"; sourceTree = "<group>"; };
		6A8BCEEF2704F5F8002CB36C /* Info.plist */ = {isa = PBXFileReference; lastKnownFileType = text.plist.xml; path = Info.plist; sourceTree = "<group>"; };
		6A8BCEF62704F822002CB36C /* WorldCups.swift */ = {isa = PBXFileReference; lastKnownFileType = sourcecode.swift; path = WorldCups.swift; sourceTree = "<group>"; };
		6AECE63D270516C700B6AF29 /* WCView.swift */ = {isa = PBXFileReference; lastKnownFileType = sourcecode.swift; path = WCView.swift; sourceTree = "<group>"; };
		6AFEE4C62706765C0098191F /* Colors.xcassets */ = {isa = PBXFileReference; lastKnownFileType = folder.assetcatalog; path = Colors.xcassets; sourceTree = "<group>"; };
		6AFEE4C9270676FF0098191F /* CustomNavigationBar.swift */ = {isa = PBXFileReference; lastKnownFileType = sourcecode.swift; path = CustomNavigationBar.swift; sourceTree = "<group>"; };
/* End PBXFileReference section */

/* Begin PBXFrameworksBuildPhase section */
		6A8BCEE02704F5EF002CB36C /* Frameworks */ = {
			isa = PBXFrameworksBuildPhase;
			buildActionMask = 2147483647;
			files = (
			);
			runOnlyForDeploymentPostprocessing = 0;
		};
/* End PBXFrameworksBuildPhase section */

/* Begin PBXGroup section */
		6A8BCEDA2704F5EF002CB36C = {
			isa = PBXGroup;
			children = (
				6A8BCEE52704F5EF002CB36C /* App04-WC */,
				6A8BCEE42704F5EF002CB36C /* Products */,
			);
			sourceTree = "<group>";
		};
		6A8BCEE42704F5EF002CB36C /* Products */ = {
			isa = PBXGroup;
			children = (
				6A8BCEE32704F5EF002CB36C /* App04-WC.app */,
			);
			name = Products;
			sourceTree = "<group>";
		};
		6A8BCEE52704F5EF002CB36C /* App04-WC */ = {
			isa = PBXGroup;
			children = (
				6A8BCEF62704F822002CB36C /* WorldCups.swift */,
				6A574C8427050623003B11FA /* WCModel.swift */,
				6A8BCEE62704F5EF002CB36C /* App04_WCApp.swift */,
				6A8BCEE82704F5EF002CB36C /* ContentView.swift */,
				6AECE63D270516C700B6AF29 /* WCView.swift */,
				6A8BCEEA2704F5F8002CB36C /* Assets.xcassets */,
				6A8BCEEF2704F5F8002CB36C /* Info.plist */,
				6A8BCEEC2704F5F8002CB36C /* Preview Content */,
				6AFEE4C62706765C0098191F /* Colors.xcassets */,
				6AFEE4C9270676FF0098191F /* CustomNavigationBar.swift */,
			);
			path = "App04-WC";
			sourceTree = "<group>";
		};
		6A8BCEEC2704F5F8002CB36C /* Preview Content */ = {
			isa = PBXGroup;
			children = (
				6A8BCEED2704F5F8002CB36C /* Preview Assets.xcassets */,
			);
			path = "Preview Content";
			sourceTree = "<group>";
		};
/* End PBXGroup section */

/* Begin PBXNativeTarget section */
		6A8BCEE22704F5EF002CB36C /* App04-WC */ = {
			isa = PBXNativeTarget;
			buildConfigurationList = 6A8BCEF22704F5F8002CB36C /* Build configuration list for PBXNativeTarget "App04-WC" */;
			buildPhases = (
				6A8BCEDF2704F5EF002CB36C /* Sources */,
				6A8BCEE02704F5EF002CB36C /* Frameworks */,
				6A8BCEE12704F5EF002CB36C /* Resources */,
			);
			buildRules = (
			);
			dependencies = (
			);
			name = "App04-WC";
			productName = "App04-WC";
			productReference = 6A8BCEE32704F5EF002CB36C /* App04-WC.app */;
			productType = "com.apple.product-type.application";
		};
/* End PBXNativeTarget section */

/* Begin PBXProject section */
		6A8BCEDB2704F5EF002CB36C /* Project object */ = {
			isa = PBXProject;
			attributes = {
				LastSwiftUpdateCheck = 1240;
				LastUpgradeCheck = 1240;
				TargetAttributes = {
					6A8BCEE22704F5EF002CB36C = {
						CreatedOnToolsVersion = 12.4;
					};
				};
			};
			buildConfigurationList = 6A8BCEDE2704F5EF002CB36C /* Build configuration list for PBXProject "App04-WC" */;
			compatibilityVersion = "Xcode 9.3";
			developmentRegion = en;
			hasScannedForEncodings = 0;
			knownRegions = (
				en,
				Base,
			);
			mainGroup = 6A8BCEDA2704F5EF002CB36C;
			productRefGroup = 6A8BCEE42704F5EF002CB36C /* Products */;
			projectDirPath = "";
			projectRoot = "";
			targets = (
				6A8BCEE22704F5EF002CB36C /* App04-WC */,
			);
		};
/* End PBXProject section */

/* Begin PBXResourcesBuildPhase section */
		6A8BCEE12704F5EF002CB36C /* Resources */ = {
			isa = PBXResourcesBuildPhase;
			buildActionMask = 2147483647;
			files = (
				6AFEE4C72706765C0098191F /* Colors.xcassets in Resources */,
				6A8BCEEE2704F5F8002CB36C /* Preview Assets.xcassets in Resources */,
				6A8BCEEB2704F5F8002CB36C /* Assets.xcassets in Resources */,
			);
			runOnlyForDeploymentPostprocessing = 0;
		};
/* End PBXResourcesBuildPhase section */

/* Begin PBXSourcesBuildPhase section */
		6A8BCEDF2704F5EF002CB36C /* Sources */ = {
			isa = PBXSourcesBuildPhase;
			buildActionMask = 2147483647;
			files = (
				6AFEE4CA270676FF0098191F /* CustomNavigationBar.swift in Sources */,
				6A8BCEE92704F5EF002CB36C /* ContentView.swift in Sources */,
				6A8BCEF72704F822002CB36C /* WorldCups.swift in Sources */,
				6A8BCEE72704F5EF002CB36C /* App04_WCApp.swift in Sources */,
				6A574C8527050623003B11FA /* WCModel.swift in Sources */,
				6AECE63E270516C700B6AF29 /* WCView.swift in Sources */,
			);
			runOnlyForDeploymentPostprocessing = 0;
		};
/* End PBXSourcesBuildPhase section */

/* Begin XCBuildConfiguration section */
		6A8BCEF02704F5F8002CB36C /* Debug */ = {
			isa = XCBuildConfiguration;
			buildSettings = {
				ALWAYS_SEARCH_USER_PATHS = NO;
				CLANG_ANALYZER_NONNULL = YES;
				CLANG_ANALYZER_NUMBER_OBJECT_CONVERSION = YES_AGGRESSIVE;
				CLANG_CXX_LANGUAGE_STANDARD = "gnu++14";
				CLANG_CXX_LIBRARY = "libc++";
				CLANG_ENABLE_MODULES = YES;
				CLANG_ENABLE_OBJC_ARC = YES;
				CLANG_ENABLE_OBJC_WEAK = YES;
				CLANG_WARN_BLOCK_CAPTURE_AUTORELEASING = YES;
				CLANG_WARN_BOOL_CONVERSION = YES;
				CLANG_WARN_COMMA = YES;
				CLANG_WARN_CONSTANT_CONVERSION = YES;
				CLANG_WARN_DEPRECATED_OBJC_IMPLEMENTATIONS = YES;
				CLANG_WARN_DIRECT_OBJC_ISA_USAGE = YES_ERROR;
				CLANG_WARN_DOCUMENTATION_COMMENTS = YES;
				CLANG_WARN_EMPTY_BODY = YES;
				CLANG_WARN_ENUM_CONVERSION = YES;
				CLANG_WARN_INFINITE_RECURSION = YES;
				CLANG_WARN_INT_CONVERSION = YES;
				CLANG_WARN_NON_LITERAL_NULL_CONVERSION = YES;
				CLANG_WARN_OBJC_IMPLICIT_RETAIN_SELF = YES;
				CLANG_WARN_OBJC_LITERAL_CONVERSION = YES;
				CLANG_WARN_OBJC_ROOT_CLASS = YES_ERROR;
				CLANG_WARN_QUOTED_INCLUDE_IN_FRAMEWORK_HEADER = YES;
				CLANG_WARN_RANGE_LOOP_ANALYSIS = YES;
				CLANG_WARN_STRICT_PROTOTYPES = YES;
				CLANG_WARN_SUSPICIOUS_MOVE = YES;
				CLANG_WARN_UNGUARDED_AVAILABILITY = YES_AGGRESSIVE;
				CLANG_WARN_UNREACHABLE_CODE = YES;
				CLANG_WARN__DUPLICATE_METHOD_MATCH = YES;
				COPY_PHASE_STRIP = NO;
				DEBUG_INFORMATION_FORMAT = dwarf;
				ENABLE_STRICT_OBJC_MSGSEND = YES;
				ENABLE_TESTABILITY = YES;
				GCC_C_LANGUAGE_STANDARD = gnu11;
				GCC_DYNAMIC_NO_PIC = NO;
				GCC_NO_COMMON_BLOCKS = YES;
				GCC_OPTIMIZATION_LEVEL = 0;
				GCC_PREPROCESSOR_DEFINITIONS = (
					"DEBUG=1",
					"$(inherited)",
				);
				GCC_WARN_64_TO_32_BIT_CONVERSION = YES;
				GCC_WARN_ABOUT_RETURN_TYPE = YES_ERROR;
				GCC_WARN_UNDECLARED_SELECTOR = YES;
				GCC_WARN_UNINITIALIZED_AUTOS = YES_AGGRESSIVE;
				GCC_WARN_UNUSED_FUNCTION = YES;
				GCC_WARN_UNUSED_VARIABLE = YES;
				IPHONEOS_DEPLOYMENT_TARGET = 14.4;
				MTL_ENABLE_DEBUG_INFO = INCLUDE_SOURCE;
				MTL_FAST_MATH = YES;
				ONLY_ACTIVE_ARCH = YES;
				SDKROOT = iphoneos;
				SWIFT_ACTIVE_COMPILATION_CONDITIONS = DEBUG;
				SWIFT_OPTIMIZATION_LEVEL = "-Onone";
			};
			name = Debug;
		};
		6A8BCEF12704F5F8002CB36C /* Release */ = {
			isa = XCBuildConfiguration;
			buildSettings = {
				ALWAYS_SEARCH_USER_PATHS = NO;
				CLANG_ANALYZER_NONNULL = YES;
				CLANG_ANALYZER_NUMBER_OBJECT_CONVERSION = YES_AGGRESSIVE;
				CLANG_CXX_LANGUAGE_STANDARD = "gnu++14";
				CLANG_CXX_LIBRARY = "libc++";
				CLANG_ENABLE_MODULES = YES;
				CLANG_ENABLE_OBJC_ARC = YES;
				CLANG_ENABLE_OBJC_WEAK = YES;
				CLANG_WARN_BLOCK_CAPTURE_AUTORELEASING = YES;
				CLANG_WARN_BOOL_CONVERSION = YES;
				CLANG_WARN_COMMA = YES;
				CLANG_WARN_CONSTANT_CONVERSION = YES;
				CLANG_WARN_DEPRECATED_OBJC_IMPLEMENTATIONS = YES;
				CLANG_WARN_DIRECT_OBJC_ISA_USAGE = YES_ERROR;
				CLANG_WARN_DOCUMENTATION_COMMENTS = YES;
				CLANG_WARN_EMPTY_BODY = YES;
				CLANG_WARN_ENUM_CONVERSION = YES;
				CLANG_WARN_INFINITE_RECURSION = YES;
				CLANG_WARN_INT_CONVERSION = YES;
				CLANG_WARN_NON_LITERAL_NULL_CONVERSION = YES;
				CLANG_WARN_OBJC_IMPLICIT_RETAIN_SELF = YES;
				CLANG_WARN_OBJC_LITERAL_CONVERSION = YES;
				CLANG_WARN_OBJC_ROOT_CLASS = YES_ERROR;
				CLANG_WARN_QUOTED_INCLUDE_IN_FRAMEWORK_HEADER = YES;
				CLANG_WARN_RANGE_LOOP_ANALYSIS = YES;
				CLANG_WARN_STRICT_PROTOTYPES = YES;
				CLANG_WARN_SUSPICIOUS_MOVE = YES;
				CLANG_WARN_UNGUARDED_AVAILABILITY = YES_AGGRESSIVE;
				CLANG_WARN_UNREACHABLE_CODE = YES;
				CLANG_WARN__DUPLICATE_METHOD_MATCH = YES;
				COPY_PHASE_STRIP = NO;
				DEBUG_INFORMATION_FORMAT = "dwarf-with-dsym";
				ENABLE_NS_ASSERTIONS = NO;
				ENABLE_STRICT_OBJC_MSGSEND = YES;
				GCC_C_LANGUAGE_STANDARD = gnu11;
				GCC_NO_COMMON_BLOCKS = YES;
				GCC_WARN_64_TO_32_BIT_CONVERSION = YES;
				GCC_WARN_ABOUT_RETURN_TYPE = YES_ERROR;
				GCC_WARN_UNDECLARED_SELECTOR = YES;
				GCC_WARN_UNINITIALIZED_AUTOS = YES_AGGRESSIVE;
				GCC_WARN_UNUSED_FUNCTION = YES;
				GCC_WARN_UNUSED_VARIABLE = YES;
				IPHONEOS_DEPLOYMENT_TARGET = 14.4;
				MTL_ENABLE_DEBUG_INFO = NO;
				MTL_FAST_MATH = YES;
				SDKROOT = iphoneos;
				SWIFT_COMPILATION_MODE = wholemodule;
				SWIFT_OPTIMIZATION_LEVEL = "-O";
				VALIDATE_PRODUCT = YES;
			};
			name = Release;
		};
		6A8BCEF32704F5F8002CB36C /* Debug */ = {
			isa = XCBuildConfiguration;
			buildSettings = {
				ASSETCATALOG_COMPILER_APPICON_NAME = AppIcon;
				ASSETCATALOG_COMPILER_GLOBAL_ACCENT_COLOR_NAME = AccentColor;
				CODE_SIGN_STYLE = Automatic;
				DEVELOPMENT_ASSET_PATHS = "\"App04-WC/Preview Content\"";
				DEVELOPMENT_TEAM = 6Z52BYAD97;
				ENABLE_PREVIEWS = YES;
				INFOPLIST_FILE = "App04-WC/Info.plist";
				IPHONEOS_DEPLOYMENT_TARGET = 14.0;
				LD_RUNPATH_SEARCH_PATHS = (
					"$(inherited)",
					"@executable_path/Frameworks",
				);
				PRODUCT_BUNDLE_IDENTIFIER = "A00829121.App04-WC";
				PRODUCT_NAME = "$(TARGET_NAME)";
				SWIFT_VERSION = 5.0;
				TARGETED_DEVICE_FAMILY = "1,2";
			};
			name = Debug;
		};
		6A8BCEF42704F5F8002CB36C /* Release */ = {
			isa = XCBuildConfiguration;
			buildSettings = {
				ASSETCATALOG_COMPILER_APPICON_NAME = AppIcon;
				ASSETCATALOG_COMPILER_GLOBAL_ACCENT_COLOR_NAME = AccentColor;
				CODE_SIGN_STYLE = Automatic;
				DEVELOPMENT_ASSET_PATHS = "\"App04-WC/Preview Content\"";
				DEVELOPMENT_TEAM = 6Z52BYAD97;
				ENABLE_PREVIEWS = YES;
				INFOPLIST_FILE = "App04-WC/Info.plist";
				IPHONEOS_DEPLOYMENT_TARGET = 14.0;
				LD_RUNPATH_SEARCH_PATHS = (
					"$(inherited)",
					"@executable_path/Frameworks",
				);
				PRODUCT_BUNDLE_IDENTIFIER = "A00829121.App04-WC";
				PRODUCT_NAME = "$(TARGET_NAME)";
				SWIFT_VERSION = 5.0;
				TARGETED_DEVICE_FAMILY = "1,2";
			};
			name = Release;
		};
/* End XCBuildConfiguration section */

/* Begin XCConfigurationList section */
		6A8BCEDE2704F5EF002CB36C /* Build configuration list for PBXProject "App04-WC" */ = {
			isa = XCConfigurationList;
			buildConfigurations = (
				6A8BCEF02704F5F8002CB36C /* Debug */,
				6A8BCEF12704F5F8002CB36C /* Release */,
			);
			defaultConfigurationIsVisible = 0;
			defaultConfigurationName = Release;
		};
		6A8BCEF22704F5F8002CB36C /* Build configuration list for PBXNativeTarget "App04-WC" */ = {
			isa = XCConfigurationList;
			buildConfigurations = (
				6A8BCEF32704F5F8002CB36C /* Debug */,
				6A8BCEF42704F5F8002CB36C /* Release */,
			);
			defaultConfigurationIsVisible = 0;
			defaultConfigurationName = Release;
		};
/* End XCConfigurationList section */
	};
	rootObject = 6A8BCEDB2704F5EF002CB36C /* Project object */;
}
